// !$*UTF8*$!
{
	archiveVersion = 1;
	classes = {
	};
	objectVersion = 55;
	objects = {

/* Begin PBXBuildFile section */
		BE46AC98289C4B5400ADBAAA /* AppDelegate.swift in Sources */ = {isa = PBXBuildFile; fileRef = BE46AC97289C4B5400ADBAAA /* AppDelegate.swift */; };
		BE46AC9A289C4B5400ADBAAA /* SceneDelegate.swift in Sources */ = {isa = PBXBuildFile; fileRef = BE46AC99289C4B5400ADBAAA /* SceneDelegate.swift */; };
		BE46AC9C289C4B5400ADBAAA /* ViewController.swift in Sources */ = {isa = PBXBuildFile; fileRef = BE46AC9B289C4B5400ADBAAA /* ViewController.swift */; };
		BE46AC9F289C4B5400ADBAAA /* Main.storyboard in Resources */ = {isa = PBXBuildFile; fileRef = BE46AC9D289C4B5400ADBAAA /* Main.storyboard */; };
		BE46ACA2289C4B5400ADBAAA /* FreshNews.xcdatamodeld in Sources */ = {isa = PBXBuildFile; fileRef = BE46ACA0289C4B5400ADBAAA /* FreshNews.xcdatamodeld */; };
		BE46ACA4289C4B5600ADBAAA /* Assets.xcassets in Resources */ = {isa = PBXBuildFile; fileRef = BE46ACA3289C4B5600ADBAAA /* Assets.xcassets */; };
		BE46ACA7289C4B5600ADBAAA /* LaunchScreen.storyboard in Resources */ = {isa = PBXBuildFile; fileRef = BE46ACA5289C4B5600ADBAAA /* LaunchScreen.storyboard */; };
/* End PBXBuildFile section */

/* Begin PBXFileReference section */
		BE46AC94289C4B5400ADBAAA /* FreshNews.app */ = {isa = PBXFileReference; explicitFileType = wrapper.application; includeInIndex = 0; path = FreshNews.app; sourceTree = BUILT_PRODUCTS_DIR; };
		BE46AC97289C4B5400ADBAAA /* AppDelegate.swift */ = {isa = PBXFileReference; lastKnownFileType = sourcecode.swift; path = AppDelegate.swift; sourceTree = "<group>"; };
		BE46AC99289C4B5400ADBAAA /* SceneDelegate.swift */ = {isa = PBXFileReference; lastKnownFileType = sourcecode.swift; path = SceneDelegate.swift; sourceTree = "<group>"; };
		BE46AC9B289C4B5400ADBAAA /* ViewController.swift */ = {isa = PBXFileReference; lastKnownFileType = sourcecode.swift; path = ViewController.swift; sourceTree = "<group>"; };
		BE46AC9E289C4B5400ADBAAA /* Base */ = {isa = PBXFileReference; lastKnownFileType = file.storyboard; name = Base; path = Base.lproj/Main.storyboard; sourceTree = "<group>"; };
		BE46ACA1289C4B5400ADBAAA /* FreshNews.xcdatamodel */ = {isa = PBXFileReference; lastKnownFileType = wrapper.xcdatamodel; path = FreshNews.xcdatamodel; sourceTree = "<group>"; };
		BE46ACA3289C4B5600ADBAAA /* Assets.xcassets */ = {isa = PBXFileReference; lastKnownFileType = folder.assetcatalog; path = Assets.xcassets; sourceTree = "<group>"; };
		BE46ACA6289C4B5600ADBAAA /* Base */ = {isa = PBXFileReference; lastKnownFileType = file.storyboard; name = Base; path = Base.lproj/LaunchScreen.storyboard; sourceTree = "<group>"; };
		BE46ACA8289C4B5600ADBAAA /* Info.plist */ = {isa = PBXFileReference; lastKnownFileType = text.plist.xml; path = Info.plist; sourceTree = "<group>"; };
/* End PBXFileReference section */

/* Begin PBXFrameworksBuildPhase section */
		BE46AC91289C4B5400ADBAAA /* Frameworks */ = {
			isa = PBXFrameworksBuildPhase;
			buildActionMask = 2147483647;
			files = (
			);
			runOnlyForDeploymentPostprocessing = 0;
		};
/* End PBXFrameworksBuildPhase section */

/* Begin PBXGroup section */
		BE46AC8B289C4B5400ADBAAA = {
			isa = PBXGroup;
			children = (
				BE46AC96289C4B5400ADBAAA /* FreshNews */,
				BE46AC95289C4B5400ADBAAA /* Products */,
			);
			sourceTree = "<group>";
		};
		BE46AC95289C4B5400ADBAAA /* Products */ = {
			isa = PBXGroup;
			children = (
				BE46AC94289C4B5400ADBAAA /* FreshNews.app */,
			);
			name = Products;
			sourceTree = "<group>";
		};
		BE46AC96289C4B5400ADBAAA /* FreshNews */ = {
			isa = PBXGroup;
			children = (
				BE46AC97289C4B5400ADBAAA /* AppDelegate.swift */,
				BE46AC99289C4B5400ADBAAA /* SceneDelegate.swift */,
				BE46AC9B289C4B5400ADBAAA /* ViewController.swift */,
				BE46AC9D289C4B5400ADBAAA /* Main.storyboard */,
				BE46ACA3289C4B5600ADBAAA /* Assets.xcassets */,
				BE46ACA5289C4B5600ADBAAA /* LaunchScreen.storyboard */,
				BE46ACA8289C4B5600ADBAAA /* Info.plist */,
				BE46ACA0289C4B5400ADBAAA /* FreshNews.xcdatamodeld */,
			);
			path = FreshNews;
			sourceTree = "<group>";
		};
/* End PBXGroup section */

/* Begin PBXNativeTarget section */
		BE46AC93289C4B5400ADBAAA /* FreshNews */ = {
			isa = PBXNativeTarget;
			buildConfigurationList = BE46ACAB289C4B5600ADBAAA /* Build configuration list for PBXNativeTarget "FreshNews" */;
			buildPhases = (
				BE46AC90289C4B5400ADBAAA /* Sources */,
				BE46AC91289C4B5400ADBAAA /* Frameworks */,
				BE46AC92289C4B5400ADBAAA /* Resources */,
			);
			buildRules = (
			);
			dependencies = (
			);
			name = FreshNews;
			productName = FreshNews;
			productReference = BE46AC94289C4B5400ADBAAA /* FreshNews.app */;
			productType = "com.apple.product-type.application";
		};
/* End PBXNativeTarget section */

/* Begin PBXProject section */
		BE46AC8C289C4B5400ADBAAA /* Project object */ = {
			isa = PBXProject;
			attributes = {
				BuildIndependentTargetsInParallel = 1;
				LastSwiftUpdateCheck = 1340;
				LastUpgradeCheck = 1340;
				TargetAttributes = {
					BE46AC93289C4B5400ADBAAA = {
						CreatedOnToolsVersion = 13.4.1;
					};
				};
			};
			buildConfigurationList = BE46AC8F289C4B5400ADBAAA /* Build configuration list for PBXProject "FreshNews" */;
			compatibilityVersion = "Xcode 13.0";
			developmentRegion = en;
			hasScannedForEncodings = 0;
			knownRegions = (
				en,
				Base,
			);
			mainGroup = BE46AC8B289C4B5400ADBAAA;
			productRefGroup = BE46AC95289C4B5400ADBAAA /* Products */;
			projectDirPath = "";
			projectRoot = "";
			targets = (
				BE46AC93289C4B5400ADBAAA /* FreshNews */,
			);
		};
/* End PBXProject section */

/* Begin PBXResourcesBuildPhase section */
		BE46AC92289C4B5400ADBAAA /* Resources */ = {
			isa = PBXResourcesBuildPhase;
			buildActionMask = 2147483647;
			files = (
				BE46ACA7289C4B5600ADBAAA /* LaunchScreen.storyboard in Resources */,
				BE46ACA4289C4B5600ADBAAA /* Assets.xcassets in Resources */,
				BE46AC9F289C4B5400ADBAAA /* Main.storyboard in Resources */,
			);
			runOnlyForDeploymentPostprocessing = 0;
		};
/* End PBXResourcesBuildPhase section */

/* Begin PBXSourcesBuildPhase section */
		BE46AC90289C4B5400ADBAAA /* Sources */ = {
			isa = PBXSourcesBuildPhase;
			buildActionMask = 2147483647;
			files = (
				BE46AC9C289C4B5400ADBAAA /* ViewController.swift in Sources */,
				BE46AC98289C4B5400ADBAAA /* AppDelegate.swift in Sources */,
				BE46AC9A289C4B5400ADBAAA /* SceneDelegate.swift in Sources */,
				BE46ACA2289C4B5400ADBAAA /* FreshNews.xcdatamodeld in Sources */,
			);
			runOnlyForDeploymentPostprocessing = 0;
		};
/* End PBXSourcesBuildPhase section */

/* Begin PBXVariantGroup section */
		BE46AC9D289C4B5400ADBAAA /* Main.storyboard */ = {
			isa = PBXVariantGroup;
			children = (
				BE46AC9E289C4B5400ADBAAA /* Base */,
			);
			name = Main.storyboard;
			sourceTree = "<group>";
		};
		BE46ACA5289C4B5600ADBAAA /* LaunchScreen.storyboard */ = {
			isa = PBXVariantGroup;
			children = (
				BE46ACA6289C4B5600ADBAAA /* Base */,
			);
			name = LaunchScreen.storyboard;
			sourceTree = "<group>";
		};
/* End PBXVariantGroup section */

/* Begin XCBuildConfiguration section */
		BE46ACA9289C4B5600ADBAAA /* Debug */ = {
			isa = XCBuildConfiguration;
			buildSettings = {
				ALWAYS_SEARCH_USER_PATHS = NO;
				CLANG_ANALYZER_NONNULL = YES;
				CLANG_ANALYZER_NUMBER_OBJECT_CONVERSION = YES_AGGRESSIVE;
				CLANG_CXX_LANGUAGE_STANDARD = "gnu++17";
				CLANG_ENABLE_MODULES = YES;
				CLANG_ENABLE_OBJC_ARC = YES;
				CLANG_ENABLE_OBJC_WEAK = YES;
				CLANG_WARN_BLOCK_CAPTURE_AUTORELEASING = YES;
				CLANG_WARN_BOOL_CONVERSION = YES;
				CLANG_WARN_COMMA = YES;
				CLANG_WARN_CONSTANT_CONVERSION = YES;
				CLANG_WARN_DEPRECATED_OBJC_IMPLEMENTATIONS = YES;
				CLANG_WARN_DIRECT_OBJC_ISA_USAGE = YES_ERROR;
				CLANG_WARN_DOCUMENTATION_COMMENTS = YES;
				CLANG_WARN_EMPTY_BODY = YES;
				CLANG_WARN_ENUM_CONVERSION = YES;
				CLANG_WARN_INFINITE_RECURSION = YES;
				CLANG_WARN_INT_CONVERSION = YES;
				CLANG_WARN_NON_LITERAL_NULL_CONVERSION = YES;
				CLANG_WARN_OBJC_IMPLICIT_RETAIN_SELF = YES;
				CLANG_WARN_OBJC_LITERAL_CONVERSION = YES;
				CLANG_WARN_OBJC_ROOT_CLASS = YES_ERROR;
				CLANG_WARN_QUOTED_INCLUDE_IN_FRAMEWORK_HEADER = YES;
				CLANG_WARN_RANGE_LOOP_ANALYSIS = YES;
				CLANG_WARN_STRICT_PROTOTYPES = YES;
				CLANG_WARN_SUSPICIOUS_MOVE = YES;
				CLANG_WARN_UNGUARDED_AVAILABILITY = YES_AGGRESSIVE;
				CLANG_WARN_UNREACHABLE_CODE = YES;
				CLANG_WARN__DUPLICATE_METHOD_MATCH = YES;
				COPY_PHASE_STRIP = NO;
				DEBUG_INFORMATION_FORMAT = dwarf;
				ENABLE_STRICT_OBJC_MSGSEND = YES;
				ENABLE_TESTABILITY = YES;
				GCC_C_LANGUAGE_STANDARD = gnu11;
				GCC_DYNAMIC_NO_PIC = NO;
				GCC_NO_COMMON_BLOCKS = YES;
				GCC_OPTIMIZATION_LEVEL = 0;
				GCC_PREPROCESSOR_DEFINITIONS = (
					"DEBUG=1",
					"$(inherited)",
				);
				GCC_WARN_64_TO_32_BIT_CONVERSION = YES;
				GCC_WARN_ABOUT_RETURN_TYPE = YES_ERROR;
				GCC_WARN_UNDECLARED_SELECTOR = YES;
				GCC_WARN_UNINITIALIZED_AUTOS = YES_AGGRESSIVE;
				GCC_WARN_UNUSED_FUNCTION = YES;
				GCC_WARN_UNUSED_VARIABLE = YES;
				IPHONEOS_DEPLOYMENT_TARGET = 15.5;
				MTL_ENABLE_DEBUG_INFO = INCLUDE_SOURCE;
				MTL_FAST_MATH = YES;
				ONLY_ACTIVE_ARCH = YES;
				SDKROOT = iphoneos;
				SWIFT_ACTIVE_COMPILATION_CONDITIONS = DEBUG;
				SWIFT_OPTIMIZATION_LEVEL = "-Onone";
			};
			name = Debug;
		};
		BE46ACAA289C4B5600ADBAAA /* Release */ = {
			isa = XCBuildConfiguration;
			buildSettings = {
				ALWAYS_SEARCH_USER_PATHS = NO;
				CLANG_ANALYZER_NONNULL = YES;
				CLANG_ANALYZER_NUMBER_OBJECT_CONVERSION = YES_AGGRESSIVE;
				CLANG_CXX_LANGUAGE_STANDARD = "gnu++17";
				CLANG_ENABLE_MODULES = YES;
				CLANG_ENABLE_OBJC_ARC = YES;
				CLANG_ENABLE_OBJC_WEAK = YES;
				CLANG_WARN_BLOCK_CAPTURE_AUTORELEASING = YES;
				CLANG_WARN_BOOL_CONVERSION = YES;
				CLANG_WARN_COMMA = YES;
				CLANG_WARN_CONSTANT_CONVERSION = YES;
				CLANG_WARN_DEPRECATED_OBJC_IMPLEMENTATIONS = YES;
				CLANG_WARN_DIRECT_OBJC_ISA_USAGE = YES_ERROR;
				CLANG_WARN_DOCUMENTATION_COMMENTS = YES;
				CLANG_WARN_EMPTY_BODY = YES;
				CLANG_WARN_ENUM_CONVERSION = YES;
				CLANG_WARN_INFINITE_RECURSION = YES;
				CLANG_WARN_INT_CONVERSION = YES;
				CLANG_WARN_NON_LITERAL_NULL_CONVERSION = YES;
				CLANG_WARN_OBJC_IMPLICIT_RETAIN_SELF = YES;
				CLANG_WARN_OBJC_LITERAL_CONVERSION = YES;
				CLANG_WARN_OBJC_ROOT_CLASS = YES_ERROR;
				CLANG_WARN_QUOTED_INCLUDE_IN_FRAMEWORK_HEADER = YES;
				CLANG_WARN_RANGE_LOOP_ANALYSIS = YES;
				CLANG_WARN_STRICT_PROTOTYPES = YES;
				CLANG_WARN_SUSPICIOUS_MOVE = YES;
				CLANG_WARN_UNGUARDED_AVAILABILITY = YES_AGGRESSIVE;
				CLANG_WARN_UNREACHABLE_CODE = YES;
				CLANG_WARN__DUPLICATE_METHOD_MATCH = YES;
				COPY_PHASE_STRIP = NO;
				DEBUG_INFORMATION_FORMAT = "dwarf-with-dsym";
				ENABLE_NS_ASSERTIONS = NO;
				ENABLE_STRICT_OBJC_MSGSEND = YES;
				GCC_C_LANGUAGE_STANDARD = gnu11;
				GCC_NO_COMMON_BLOCKS = YES;
				GCC_WARN_64_TO_32_BIT_CONVERSION = YES;
				GCC_WARN_ABOUT_RETURN_TYPE = YES_ERROR;
				GCC_WARN_UNDECLARED_SELECTOR = YES;
				GCC_WARN_UNINITIALIZED_AUTOS = YES_AGGRESSIVE;
				GCC_WARN_UNUSED_FUNCTION = YES;
				GCC_WARN_UNUSED_VARIABLE = YES;
				IPHONEOS_DEPLOYMENT_TARGET = 15.5;
				MTL_ENABLE_DEBUG_INFO = NO;
				MTL_FAST_MATH = YES;
				SDKROOT = iphoneos;
				SWIFT_COMPILATION_MODE = wholemodule;
				SWIFT_OPTIMIZATION_LEVEL = "-O";
				VALIDATE_PRODUCT = YES;
			};
			name = Release;
		};
		BE46ACAC289C4B5600ADBAAA /* Debug */ = {
			isa = XCBuildConfiguration;
			buildSettings = {
				ASSETCATALOG_COMPILER_APPICON_NAME = AppIcon;
				ASSETCATALOG_COMPILER_GLOBAL_ACCENT_COLOR_NAME = AccentColor;
				CODE_SIGN_STYLE = Automatic;
				CURRENT_PROJECT_VERSION = 1;
				DEVELOPMENT_TEAM = 8Z862CF64P;
				GENERATE_INFOPLIST_FILE = YES;
				INFOPLIST_FILE = FreshNews/Info.plist;
				INFOPLIST_KEY_UIApplicationSupportsIndirectInputEvents = YES;
				INFOPLIST_KEY_UILaunchStoryboardName = LaunchScreen;
				INFOPLIST_KEY_UIMainStoryboardFile = Main;
				INFOPLIST_KEY_UISupportedInterfaceOrientations_iPad = "UIInterfaceOrientationPortrait UIInterfaceOrientationPortraitUpsideDown UIInterfaceOrientationLandscapeLeft UIInterfaceOrientationLandscapeRight";
				INFOPLIST_KEY_UISupportedInterfaceOrientations_iPhone = "UIInterfaceOrientationPortrait UIInterfaceOrientationLandscapeLeft UIInterfaceOrientationLandscapeRight";
				LD_RUNPATH_SEARCH_PATHS = (
					"$(inherited)",
					"@executable_path/Frameworks",
				);
				MARKETING_VERSION = 1.0;
				PRODUCT_BUNDLE_IDENTIFIER = com.helix.FreshNews;
				PRODUCT_NAME = "$(TARGET_NAME)";
				SWIFT_EMIT_LOC_STRINGS = YES;
				SWIFT_VERSION = 5.0;
				TARGETED_DEVICE_FAMILY = "1,2";
			};
			name = Debug;
		};
		BE46ACAD289C4B5600ADBAAA /* Release */ = {
			isa = XCBuildConfiguration;
			buildSettings = {
				ASSETCATALOG_COMPILER_APPICON_NAME = AppIcon;
				ASSETCATALOG_COMPILER_GLOBAL_ACCENT_COLOR_NAME = AccentColor;
				CODE_SIGN_STYLE = Automatic;
				CURRENT_PROJECT_VERSION = 1;
				DEVELOPMENT_TEAM = 8Z862CF64P;
				GENERATE_INFOPLIST_FILE = YES;
				INFOPLIST_FILE = FreshNews/Info.plist;
				INFOPLIST_KEY_UIApplicationSupportsIndirectInputEvents = YES;
				INFOPLIST_KEY_UILaunchStoryboardName = LaunchScreen;
				INFOPLIST_KEY_UIMainStoryboardFile = Main;
				INFOPLIST_KEY_UISupportedInterfaceOrientations_iPad = "UIInterfaceOrientationPortrait UIInterfaceOrientationPortraitUpsideDown UIInterfaceOrientationLandscapeLeft UIInterfaceOrientationLandscapeRight";
				INFOPLIST_KEY_UISupportedInterfaceOrientations_iPhone = "UIInterfaceOrientationPortrait UIInterfaceOrientationLandscapeLeft UIInterfaceOrientationLandscapeRight";
				LD_RUNPATH_SEARCH_PATHS = (
					"$(inherited)",
					"@executable_path/Frameworks",
				);
				MARKETING_VERSION = 1.0;
				PRODUCT_BUNDLE_IDENTIFIER = com.helix.FreshNews;
				PRODUCT_NAME = "$(TARGET_NAME)";
				SWIFT_EMIT_LOC_STRINGS = YES;
				SWIFT_VERSION = 5.0;
				TARGETED_DEVICE_FAMILY = "1,2";
			};
			name = Release;
		};
/* End XCBuildConfiguration section */

/* Begin XCConfigurationList section */
		BE46AC8F289C4B5400ADBAAA /* Build configuration list for PBXProject "FreshNews" */ = {
			isa = XCConfigurationList;
			buildConfigurations = (
				BE46ACA9289C4B5600ADBAAA /* Debug */,
				BE46ACAA289C4B5600ADBAAA /* Release */,
			);
			defaultConfigurationIsVisible = 0;
			defaultConfigurationName = Release;
		};
		BE46ACAB289C4B5600ADBAAA /* Build configuration list for PBXNativeTarget "FreshNews" */ = {
			isa = XCConfigurationList;
			buildConfigurations = (
				BE46ACAC289C4B5600ADBAAA /* Debug */,
				BE46ACAD289C4B5600ADBAAA /* Release */,
			);
			defaultConfigurationIsVisible = 0;
			defaultConfigurationName = Release;
		};
/* End XCConfigurationList section */

/* Begin XCVersionGroup section */
		BE46ACA0289C4B5400ADBAAA /* FreshNews.xcdatamodeld */ = {
			isa = XCVersionGroup;
			children = (
				BE46ACA1289C4B5400ADBAAA /* FreshNews.xcdatamodel */,
			);
			currentVersion = BE46ACA1289C4B5400ADBAAA /* FreshNews.xcdatamodel */;
			path = FreshNews.xcdatamodeld;
			sourceTree = "<group>";
			versionGroupType = wrapper.xcdatamodel;
		};
/* End XCVersionGroup section */
	};
	rootObject = BE46AC8C289C4B5400ADBAAA /* Project object */;
}
